{
  "name": "gitspin",
  "version": "0.1.0",
  "lockfileVersion": 3,
  "requires": true,
  "packages": {
    "": {
      "name": "gitspin",
      "version": "0.1.0",
      "dependencies": {
        "react": "^18.3.1",
        "react-dom": "^18.3.1",
        "next": "^15.0.0",
        "typescript": "^5.3.3",
        "axios": "^1.6.2",
        "lucide-react": "^0.344.0"
      },
      "devDependencies": {
        "@types/node": "^20.10.5",
        "@types/react": "^18.2.45",
        "@types/react-dom": "^18.2.18",
        "autoprefixer": "^10.4.16",
        "postcss": "^8.4.32",
        "tailwindcss": "^3.4.1"
      }
    },
    "node_modules/react": {
      "version": "18.3.1",
      "resolved": "https://registry.npmjs.org/react/-/react-18.3.1.tgz"
    },
    "node_modules/react-dom": {
      "version": "18.3.1",
      "resolved": "https://registry.npmjs.org/react-dom/-/react-dom-18.3.1.tgz"
    },
    "node_modules/next": {
      "version": "15.0.0",
      "resolved": "https://registry.npmjs.org/next/-/next-15.0.0.tgz"
    },
    "node_modules/typescript": {
      "version": "5.3.3",
      "resolved": "https://registry.npmjs.org/typescript/-/typescript-5.3.3.tgz"
    },
    "node_modules/axios": {
      "version": "1.6.2",
      "resolved": "https://registry.npmjs.org/axios/-/axios-1.6.2.tgz"
    },
    "node_modules/lucide-react": {
      "version": "0.344.0",
      "resolved": "https://registry.npmjs.org/lucide-react/-/lucide-react-0.344.0.tgz"
    }
  }
}
